// !$*UTF8*$!
{
	archiveVersion = 1;
	classes = {
	};
	objectVersion = 46;
	objects = {

/* Begin PBXBuildFile section */
		55117CBA1AC485E30023223F /* main.m in Sources */ = {isa = PBXBuildFile; fileRef = 55117CB91AC485E30023223F /* main.m */; };
		55117CBD1AC485E30023223F /* AppDelegate.m in Sources */ = {isa = PBXBuildFile; fileRef = 55117CBC1AC485E30023223F /* AppDelegate.m */; };
		55117CBF1AC485E30023223F /* Images.xcassets in Resources */ = {isa = PBXBuildFile; fileRef = 55117CBE1AC485E30023223F /* Images.xcassets */; };
		55117CC21AC485E30023223F /* LaunchScreen.xib in Resources */ = {isa = PBXBuildFile; fileRef = 55117CC01AC485E30023223F /* LaunchScreen.xib */; };
		55117CCE1AC485E40023223F /* HackerBooksTests.m in Sources */ = {isa = PBXBuildFile; fileRef = 55117CCD1AC485E40023223F /* HackerBooksTests.m */; };
		55117CD91AC487260023223F /* AGTBook.m in Sources */ = {isa = PBXBuildFile; fileRef = 55117CD81AC487260023223F /* AGTBook.m */; };
		55117CDD1AC489370023223F /* AGTLibrary.m in Sources */ = {isa = PBXBuildFile; fileRef = 55117CDC1AC489370023223F /* AGTLibrary.m */; };
		552CC6881AC5DC450000FBE8 /* AGTBookViewController.m in Sources */ = {isa = PBXBuildFile; fileRef = 552CC6861AC5DC450000FBE8 /* AGTBookViewController.m */; };
		552CC6891AC5DC450000FBE8 /* AGTBookViewController.xib in Resources */ = {isa = PBXBuildFile; fileRef = 552CC6871AC5DC450000FBE8 /* AGTBookViewController.xib */; };
		55EE13ED1ACB103C009AC512 /* AGTSimplePDFViewController.m in Sources */ = {isa = PBXBuildFile; fileRef = 55EE13EB1ACB103C009AC512 /* AGTSimplePDFViewController.m */; };
		55EE13EE1ACB103C009AC512 /* AGTSimplePDFViewController.xib in Resources */ = {isa = PBXBuildFile; fileRef = 55EE13EC1ACB103C009AC512 /* AGTSimplePDFViewController.xib */; };
		55EE13F11ACB1FA1009AC512 /* AGTLibraryTableViewController.m in Sources */ = {isa = PBXBuildFile; fileRef = 55EE13F01ACB1FA1009AC512 /* AGTLibraryTableViewController.m */; };
		55EE13F31ACFBE26009AC512 /* AGTBookViewControlleriPhone.xib in Resources */ = {isa = PBXBuildFile; fileRef = 55EE13F21ACFBE26009AC512 /* AGTBookViewControlleriPhone.xib */; };
/* End PBXBuildFile section */

/* Begin PBXContainerItemProxy section */
		55117CC81AC485E40023223F /* PBXContainerItemProxy */ = {
			isa = PBXContainerItemProxy;
			containerPortal = 55117CAC1AC485E30023223F /* Project object */;
			proxyType = 1;
			remoteGlobalIDString = 55117CB31AC485E30023223F;
			remoteInfo = HackerBooks;
		};
/* End PBXContainerItemProxy section */

/* Begin PBXFileReference section */
		55114AE61AC6C6A200C7AC4A /* Settings.h */ = {isa = PBXFileReference; lastKnownFileType = sourcecode.c.h; path = Settings.h; sourceTree = "<group>"; };
		55117CB41AC485E30023223F /* HackerBooks.app */ = {isa = PBXFileReference; explicitFileType = wrapper.application; includeInIndex = 0; path = HackerBooks.app; sourceTree = BUILT_PRODUCTS_DIR; };
		55117CB81AC485E30023223F /* Info.plist */ = {isa = PBXFileReference; lastKnownFileType = text.plist.xml; path = Info.plist; sourceTree = "<group>"; };
		55117CB91AC485E30023223F /* main.m */ = {isa = PBXFileReference; lastKnownFileType = sourcecode.c.objc; path = main.m; sourceTree = "<group>"; };
		55117CBB1AC485E30023223F /* AppDelegate.h */ = {isa = PBXFileReference; lastKnownFileType = sourcecode.c.h; path = AppDelegate.h; sourceTree = "<group>"; };
		55117CBC1AC485E30023223F /* AppDelegate.m */ = {isa = PBXFileReference; lastKnownFileType = sourcecode.c.objc; path = AppDelegate.m; sourceTree = "<group>"; };
		55117CBE1AC485E30023223F /* Images.xcassets */ = {isa = PBXFileReference; lastKnownFileType = folder.assetcatalog; path = Images.xcassets; sourceTree = "<group>"; };
		55117CC11AC485E30023223F /* Base */ = {isa = PBXFileReference; lastKnownFileType = file.xib; name = Base; path = Base.lproj/LaunchScreen.xib; sourceTree = "<group>"; };
		55117CC71AC485E40023223F /* HackerBooksTests.xctest */ = {isa = PBXFileReference; explicitFileType = wrapper.cfbundle; includeInIndex = 0; path = HackerBooksTests.xctest; sourceTree = BUILT_PRODUCTS_DIR; };
		55117CCC1AC485E40023223F /* Info.plist */ = {isa = PBXFileReference; lastKnownFileType = text.plist.xml; path = Info.plist; sourceTree = "<group>"; };
		55117CCD1AC485E40023223F /* HackerBooksTests.m */ = {isa = PBXFileReference; lastKnownFileType = sourcecode.c.objc; path = HackerBooksTests.m; sourceTree = "<group>"; };
		55117CD71AC487260023223F /* AGTBook.h */ = {isa = PBXFileReference; fileEncoding = 4; lastKnownFileType = sourcecode.c.h; path = AGTBook.h; sourceTree = "<group>"; };
		55117CD81AC487260023223F /* AGTBook.m */ = {isa = PBXFileReference; fileEncoding = 4; lastKnownFileType = sourcecode.c.objc; path = AGTBook.m; sourceTree = "<group>"; };
		55117CDB1AC489370023223F /* AGTLibrary.h */ = {isa = PBXFileReference; fileEncoding = 4; lastKnownFileType = sourcecode.c.h; path = AGTLibrary.h; sourceTree = "<group>"; };
		55117CDC1AC489370023223F /* AGTLibrary.m */ = {isa = PBXFileReference; fileEncoding = 4; lastKnownFileType = sourcecode.c.objc; path = AGTLibrary.m; sourceTree = "<group>"; };
		552CC6851AC5DC450000FBE8 /* AGTBookViewController.h */ = {isa = PBXFileReference; fileEncoding = 4; lastKnownFileType = sourcecode.c.h; path = AGTBookViewController.h; sourceTree = "<group>"; };
		552CC6861AC5DC450000FBE8 /* AGTBookViewController.m */ = {isa = PBXFileReference; fileEncoding = 4; lastKnownFileType = sourcecode.c.objc; path = AGTBookViewController.m; sourceTree = "<group>"; };
		552CC6871AC5DC450000FBE8 /* AGTBookViewController.xib */ = {isa = PBXFileReference; fileEncoding = 4; lastKnownFileType = file.xib; path = AGTBookViewController.xib; sourceTree = "<group>"; };
		55EE13EA1ACB103C009AC512 /* AGTSimplePDFViewController.h */ = {isa = PBXFileReference; fileEncoding = 4; lastKnownFileType = sourcecode.c.h; path = AGTSimplePDFViewController.h; sourceTree = "<group>"; };
		55EE13EB1ACB103C009AC512 /* AGTSimplePDFViewController.m */ = {isa = PBXFileReference; fileEncoding = 4; lastKnownFileType = sourcecode.c.objc; path = AGTSimplePDFViewController.m; sourceTree = "<group>"; };
		55EE13EC1ACB103C009AC512 /* AGTSimplePDFViewController.xib */ = {isa = PBXFileReference; fileEncoding = 4; lastKnownFileType = file.xib; path = AGTSimplePDFViewController.xib; sourceTree = "<group>"; };
		55EE13EF1ACB1FA1009AC512 /* AGTLibraryTableViewController.h */ = {isa = PBXFileReference; fileEncoding = 4; lastKnownFileType = sourcecode.c.h; path = AGTLibraryTableViewController.h; sourceTree = "<group>"; };
		55EE13F01ACB1FA1009AC512 /* AGTLibraryTableViewController.m */ = {isa = PBXFileReference; fileEncoding = 4; lastKnownFileType = sourcecode.c.objc; path = AGTLibraryTableViewController.m; sourceTree = "<group>"; };
		55EE13F21ACFBE26009AC512 /* AGTBookViewControlleriPhone.xib */ = {isa = PBXFileReference; fileEncoding = 4; lastKnownFileType = file.xib; path = AGTBookViewControlleriPhone.xib; sourceTree = "<group>"; };
/* End PBXFileReference section */

/* Begin PBXFrameworksBuildPhase section */
		55117CB11AC485E30023223F /* Frameworks */ = {
			isa = PBXFrameworksBuildPhase;
			buildActionMask = 2147483647;
			files = (
			);
			runOnlyForDeploymentPostprocessing = 0;
		};
		55117CC41AC485E40023223F /* Frameworks */ = {
			isa = PBXFrameworksBuildPhase;
			buildActionMask = 2147483647;
			files = (
			);
			runOnlyForDeploymentPostprocessing = 0;
		};
/* End PBXFrameworksBuildPhase section */

/* Begin PBXGroup section */
		55114AE31AC6B54100C7AC4A /* Resources */ = {
			isa = PBXGroup;
			children = (
			);
			name = Resources;
			sourceTree = "<group>";
		};
		55117CAB1AC485E30023223F = {
			isa = PBXGroup;
			children = (
				55117CB61AC485E30023223F /* HackerBooks */,
				55117CCA1AC485E40023223F /* HackerBooksTests */,
				55117CB51AC485E30023223F /* Products */,
			);
			sourceTree = "<group>";
		};
		55117CB51AC485E30023223F /* Products */ = {
			isa = PBXGroup;
			children = (
				55117CB41AC485E30023223F /* HackerBooks.app */,
				55117CC71AC485E40023223F /* HackerBooksTests.xctest */,
			);
			name = Products;
			sourceTree = "<group>";
		};
		55117CB61AC485E30023223F /* HackerBooks */ = {
			isa = PBXGroup;
			children = (
				55114AE31AC6B54100C7AC4A /* Resources */,
				55117CDA1AC4872A0023223F /* Models */,
				552CC6841AC5DBEF0000FBE8 /* Controllers */,
				55117CBB1AC485E30023223F /* AppDelegate.h */,
				55117CBC1AC485E30023223F /* AppDelegate.m */,
				55117CBE1AC485E30023223F /* Images.xcassets */,
				55117CC01AC485E30023223F /* LaunchScreen.xib */,
				55117CB71AC485E30023223F /* Supporting Files */,
				55114AE61AC6C6A200C7AC4A /* Settings.h */,
			);
			path = HackerBooks;
			sourceTree = "<group>";
		};
		55117CB71AC485E30023223F /* Supporting Files */ = {
			isa = PBXGroup;
			children = (
				55117CB81AC485E30023223F /* Info.plist */,
				55117CB91AC485E30023223F /* main.m */,
			);
			name = "Supporting Files";
			sourceTree = "<group>";
		};
		55117CCA1AC485E40023223F /* HackerBooksTests */ = {
			isa = PBXGroup;
			children = (
				55117CCD1AC485E40023223F /* HackerBooksTests.m */,
				55117CCB1AC485E40023223F /* Supporting Files */,
			);
			path = HackerBooksTests;
			sourceTree = "<group>";
		};
		55117CCB1AC485E40023223F /* Supporting Files */ = {
			isa = PBXGroup;
			children = (
				55117CCC1AC485E40023223F /* Info.plist */,
			);
			name = "Supporting Files";
			sourceTree = "<group>";
		};
		55117CDA1AC4872A0023223F /* Models */ = {
			isa = PBXGroup;
			children = (
				55117CD71AC487260023223F /* AGTBook.h */,
				55117CD81AC487260023223F /* AGTBook.m */,
				55117CDB1AC489370023223F /* AGTLibrary.h */,
				55117CDC1AC489370023223F /* AGTLibrary.m */,
			);
			name = Models;
			sourceTree = "<group>";
		};
		552CC6841AC5DBEF0000FBE8 /* Controllers */ = {
			isa = PBXGroup;
			children = (
				552CC6851AC5DC450000FBE8 /* AGTBookViewController.h */,
				552CC6861AC5DC450000FBE8 /* AGTBookViewController.m */,
				552CC6871AC5DC450000FBE8 /* AGTBookViewController.xib */,
				55EE13EA1ACB103C009AC512 /* AGTSimplePDFViewController.h */,
				55EE13EB1ACB103C009AC512 /* AGTSimplePDFViewController.m */,
				55EE13EC1ACB103C009AC512 /* AGTSimplePDFViewController.xib */,
				55EE13EF1ACB1FA1009AC512 /* AGTLibraryTableViewController.h */,
				55EE13F01ACB1FA1009AC512 /* AGTLibraryTableViewController.m */,
				55EE13F21ACFBE26009AC512 /* AGTBookViewControlleriPhone.xib */,
			);
			name = Controllers;
			sourceTree = "<group>";
		};
/* End PBXGroup section */

/* Begin PBXNativeTarget section */
		55117CB31AC485E30023223F /* HackerBooks */ = {
			isa = PBXNativeTarget;
			buildConfigurationList = 55117CD11AC485E40023223F /* Build configuration list for PBXNativeTarget "HackerBooks" */;
			buildPhases = (
				55117CB01AC485E30023223F /* Sources */,
				55117CB11AC485E30023223F /* Frameworks */,
				55117CB21AC485E30023223F /* Resources */,
			);
			buildRules = (
			);
			dependencies = (
			);
			name = HackerBooks;
			productName = HackerBooks;
			productReference = 55117CB41AC485E30023223F /* HackerBooks.app */;
			productType = "com.apple.product-type.application";
		};
		55117CC61AC485E40023223F /* HackerBooksTests */ = {
			isa = PBXNativeTarget;
			buildConfigurationList = 55117CD41AC485E40023223F /* Build configuration list for PBXNativeTarget "HackerBooksTests" */;
			buildPhases = (
				55117CC31AC485E40023223F /* Sources */,
				55117CC41AC485E40023223F /* Frameworks */,
				55117CC51AC485E40023223F /* Resources */,
			);
			buildRules = (
			);
			dependencies = (
				55117CC91AC485E40023223F /* PBXTargetDependency */,
			);
			name = HackerBooksTests;
			productName = HackerBooksTests;
			productReference = 55117CC71AC485E40023223F /* HackerBooksTests.xctest */;
			productType = "com.apple.product-type.bundle.unit-test";
		};
/* End PBXNativeTarget section */

/* Begin PBXProject section */
		55117CAC1AC485E30023223F /* Project object */ = {
			isa = PBXProject;
			attributes = {
				LastUpgradeCheck = 0620;
				ORGANIZATIONNAME = Mixi;
				TargetAttributes = {
					55117CB31AC485E30023223F = {
						CreatedOnToolsVersion = 6.2;
					};
					55117CC61AC485E40023223F = {
						CreatedOnToolsVersion = 6.2;
						TestTargetID = 55117CB31AC485E30023223F;
					};
				};
			};
			buildConfigurationList = 55117CAF1AC485E30023223F /* Build configuration list for PBXProject "HackerBooks" */;
			compatibilityVersion = "Xcode 3.2";
			developmentRegion = English;
			hasScannedForEncodings = 0;
			knownRegions = (
				en,
				Base,
			);
			mainGroup = 55117CAB1AC485E30023223F;
			productRefGroup = 55117CB51AC485E30023223F /* Products */;
			projectDirPath = "";
			projectRoot = "";
			targets = (
				55117CB31AC485E30023223F /* HackerBooks */,
				55117CC61AC485E40023223F /* HackerBooksTests */,
			);
		};
/* End PBXProject section */

/* Begin PBXResourcesBuildPhase section */
		55117CB21AC485E30023223F /* Resources */ = {
			isa = PBXResourcesBuildPhase;
			buildActionMask = 2147483647;
			files = (
				55117CC21AC485E30023223F /* LaunchScreen.xib in Resources */,
				55117CBF1AC485E30023223F /* Images.xcassets in Resources */,
				55EE13F31ACFBE26009AC512 /* AGTBookViewControlleriPhone.xib in Resources */,
				55EE13EE1ACB103C009AC512 /* AGTSimplePDFViewController.xib in Resources */,
				552CC6891AC5DC450000FBE8 /* AGTBookViewController.xib in Resources */,
			);
			runOnlyForDeploymentPostprocessing = 0;
		};
		55117CC51AC485E40023223F /* Resources */ = {
			isa = PBXResourcesBuildPhase;
			buildActionMask = 2147483647;
			files = (
			);
			runOnlyForDeploymentPostprocessing = 0;
		};
/* End PBXResourcesBuildPhase section */

/* Begin PBXSourcesBuildPhase section */
		55117CB01AC485E30023223F /* Sources */ = {
			isa = PBXSourcesBuildPhase;
			buildActionMask = 2147483647;
			files = (
				55117CDD1AC489370023223F /* AGTLibrary.m in Sources */,
				55EE13F11ACB1FA1009AC512 /* AGTLibraryTableViewController.m in Sources */,
				55117CBD1AC485E30023223F /* AppDelegate.m in Sources */,
				55EE13ED1ACB103C009AC512 /* AGTSimplePDFViewController.m in Sources */,
				55117CD91AC487260023223F /* AGTBook.m in Sources */,
				552CC6881AC5DC450000FBE8 /* AGTBookViewController.m in Sources */,
				55117CBA1AC485E30023223F /* main.m in Sources */,
			);
			runOnlyForDeploymentPostprocessing = 0;
		};
		55117CC31AC485E40023223F /* Sources */ = {
			isa = PBXSourcesBuildPhase;
			buildActionMask = 2147483647;
			files = (
				55117CCE1AC485E40023223F /* HackerBooksTests.m in Sources */,
			);
			runOnlyForDeploymentPostprocessing = 0;
		};
/* End PBXSourcesBuildPhase section */

/* Begin PBXTargetDependency section */
		55117CC91AC485E40023223F /* PBXTargetDependency */ = {
			isa = PBXTargetDependency;
			target = 55117CB31AC485E30023223F /* HackerBooks */;
			targetProxy = 55117CC81AC485E40023223F /* PBXContainerItemProxy */;
		};
/* End PBXTargetDependency section */

/* Begin PBXVariantGroup section */
		55117CC01AC485E30023223F /* LaunchScreen.xib */ = {
			isa = PBXVariantGroup;
			children = (
				55117CC11AC485E30023223F /* Base */,
			);
			name = LaunchScreen.xib;
			sourceTree = "<group>";
		};
/* End PBXVariantGroup section */

/* Begin XCBuildConfiguration section */
		55117CCF1AC485E40023223F /* Debug */ = {
			isa = XCBuildConfiguration;
			buildSettings = {
				ALWAYS_SEARCH_USER_PATHS = NO;
				CLANG_CXX_LANGUAGE_STANDARD = "gnu++0x";
				CLANG_CXX_LIBRARY = "libc++";
				CLANG_ENABLE_MODULES = YES;
				CLANG_ENABLE_OBJC_ARC = YES;
				CLANG_WARN_BOOL_CONVERSION = YES;
				CLANG_WARN_CONSTANT_CONVERSION = YES;
				CLANG_WARN_DIRECT_OBJC_ISA_USAGE = YES_ERROR;
				CLANG_WARN_EMPTY_BODY = YES;
				CLANG_WARN_ENUM_CONVERSION = YES;
				CLANG_WARN_INT_CONVERSION = YES;
				CLANG_WARN_OBJC_ROOT_CLASS = YES_ERROR;
				CLANG_WARN_UNREACHABLE_CODE = YES;
				CLANG_WARN__DUPLICATE_METHOD_MATCH = YES;
				"CODE_SIGN_IDENTITY[sdk=iphoneos*]" = "iPhone Developer";
				COPY_PHASE_STRIP = NO;
				ENABLE_STRICT_OBJC_MSGSEND = YES;
				GCC_C_LANGUAGE_STANDARD = gnu99;
				GCC_DYNAMIC_NO_PIC = NO;
				GCC_OPTIMIZATION_LEVEL = 0;
				GCC_PREPROCESSOR_DEFINITIONS = (
					"DEBUG=1",
					"$(inherited)",
				);
				GCC_SYMBOLS_PRIVATE_EXTERN = NO;
				GCC_WARN_64_TO_32_BIT_CONVERSION = YES;
				GCC_WARN_ABOUT_RETURN_TYPE = YES_ERROR;
				GCC_WARN_UNDECLARED_SELECTOR = YES;
				GCC_WARN_UNINITIALIZED_AUTOS = YES_AGGRESSIVE;
				GCC_WARN_UNUSED_FUNCTION = YES;
				GCC_WARN_UNUSED_VARIABLE = YES;
				IPHONEOS_DEPLOYMENT_TARGET = 8.2;
				MTL_ENABLE_DEBUG_INFO = YES;
				ONLY_ACTIVE_ARCH = YES;
				SDKROOT = iphoneos;
				TARGETED_DEVICE_FAMILY = 2;
			};
			name = Debug;
		};
		55117CD01AC485E40023223F /* Release */ = {
			isa = XCBuildConfiguration;
			buildSettings = {
				ALWAYS_SEARCH_USER_PATHS = NO;
				CLANG_CXX_LANGUAGE_STANDARD = "gnu++0x";
				CLANG_CXX_LIBRARY = "libc++";
				CLANG_ENABLE_MODULES = YES;
				CLANG_ENABLE_OBJC_ARC = YES;
				CLANG_WARN_BOOL_CONVERSION = YES;
				CLANG_WARN_CONSTANT_CONVERSION = YES;
				CLANG_WARN_DIRECT_OBJC_ISA_USAGE = YES_ERROR;
				CLANG_WARN_EMPTY_BODY = YES;
				CLANG_WARN_ENUM_CONVERSION = YES;
				CLANG_WARN_INT_CONVERSION = YES;
				CLANG_WARN_OBJC_ROOT_CLASS = YES_ERROR;
				CLANG_WARN_UNREACHABLE_CODE = YES;
				CLANG_WARN__DUPLICATE_METHOD_MATCH = YES;
				"CODE_SIGN_IDENTITY[sdk=iphoneos*]" = "iPhone Developer";
				COPY_PHASE_STRIP = NO;
				ENABLE_NS_ASSERTIONS = NO;
				ENABLE_STRICT_OBJC_MSGSEND = YES;
				GCC_C_LANGUAGE_STANDARD = gnu99;
				GCC_WARN_64_TO_32_BIT_CONVERSION = YES;
				GCC_WARN_ABOUT_RETURN_TYPE = YES_ERROR;
				GCC_WARN_UNDECLARED_SELECTOR = YES;
				GCC_WARN_UNINITIALIZED_AUTOS = YES_AGGRESSIVE;
				GCC_WARN_UNUSED_FUNCTION = YES;
				GCC_WARN_UNUSED_VARIABLE = YES;
				IPHONEOS_DEPLOYMENT_TARGET = 8.2;
				MTL_ENABLE_DEBUG_INFO = NO;
				SDKROOT = iphoneos;
				TARGETED_DEVICE_FAMILY = 2;
				VALIDATE_PRODUCT = YES;
			};
			name = Release;
		};
		55117CD21AC485E40023223F /* Debug */ = {
			isa = XCBuildConfiguration;
			buildSettings = {
				ASSETCATALOG_COMPILER_APPICON_NAME = AppIcon;
				INFOPLIST_FILE = HackerBooks/Info.plist;
				LD_RUNPATH_SEARCH_PATHS = "$(inherited) @executable_path/Frameworks";
				PRODUCT_NAME = "$(TARGET_NAME)";
				TARGETED_DEVICE_FAMILY = "1,2";
			};
			name = Debug;
		};
		55117CD31AC485E40023223F /* Release */ = {
			isa = XCBuildConfiguration;
			buildSettings = {
				ASSETCATALOG_COMPILER_APPICON_NAME = AppIcon;
				INFOPLIST_FILE = HackerBooks/Info.plist;
				LD_RUNPATH_SEARCH_PATHS = "$(inherited) @executable_path/Frameworks";
				PRODUCT_NAME = "$(TARGET_NAME)";
				TARGETED_DEVICE_FAMILY = "1,2";
			};
			name = Release;
		};
		55117CD51AC485E40023223F /* Debug */ = {
			isa = XCBuildConfiguration;
			buildSettings = {
				BUNDLE_LOADER = "$(TEST_HOST)";
				FRAMEWORK_SEARCH_PATHS = (
					"$(SDKROOT)/Developer/Library/Frameworks",
					"$(inherited)",
				);
				GCC_PREPROCESSOR_DEFINITIONS = (
					"DEBUG=1",
					"$(inherited)",
				);
				INFOPLIST_FILE = HackerBooksTests/Info.plist;
				LD_RUNPATH_SEARCH_PATHS = "$(inherited) @executable_path/Frameworks @loader_path/Frameworks";
				PRODUCT_NAME = "$(TARGET_NAME)";
				TEST_HOST = "$(BUILT_PRODUCTS_DIR)/HackerBooks.app/HackerBooks";
			};
			name = Debug;
		};
		55117CD61AC485E40023223F /* Release */ = {
			isa = XCBuildConfiguration;
			buildSettings = {
				BUNDLE_LOADER = "$(TEST_HOST)";
				FRAMEWORK_SEARCH_PATHS = (
					"$(SDKROOT)/Developer/Library/Frameworks",
					"$(inherited)",
				);
				INFOPLIST_FILE = HackerBooksTests/Info.plist;
				LD_RUNPATH_SEARCH_PATHS = "$(inherited) @executable_path/Frameworks @loader_path/Frameworks";
				PRODUCT_NAME = "$(TARGET_NAME)";
				TEST_HOST = "$(BUILT_PRODUCTS_DIR)/HackerBooks.app/HackerBooks";
			};
			name = Release;
		};
/* End XCBuildConfiguration section */

/* Begin XCConfigurationList section */
		55117CAF1AC485E30023223F /* Build configuration list for PBXProject "HackerBooks" */ = {
			isa = XCConfigurationList;
			buildConfigurations = (
				55117CCF1AC485E40023223F /* Debug */,
				55117CD01AC485E40023223F /* Release */,
			);
			defaultConfigurationIsVisible = 0;
			defaultConfigurationName = Release;
		};
		55117CD11AC485E40023223F /* Build configuration list for PBXNativeTarget "HackerBooks" */ = {
			isa = XCConfigurationList;
			buildConfigurations = (
				55117CD21AC485E40023223F /* Debug */,
				55117CD31AC485E40023223F /* Release */,
			);
			defaultConfigurationIsVisible = 0;
			defaultConfigurationName = Release;
		};
		55117CD41AC485E40023223F /* Build configuration list for PBXNativeTarget "HackerBooksTests" */ = {
			isa = XCConfigurationList;
			buildConfigurations = (
				55117CD51AC485E40023223F /* Debug */,
				55117CD61AC485E40023223F /* Release */,
			);
			defaultConfigurationIsVisible = 0;
			defaultConfigurationName = Release;
		};
/* End XCConfigurationList section */
	};
	rootObject = 55117CAC1AC485E30023223F /* Project object */;
}
